
Microsoft Visual Studio Solution File, Format Version 12.00
Project("{FAE04EC0-301F-11D3-BF4B-00C04F79EFBC}") = "KampongTalk", "KampongTalk.csproj", "{50728554-30DB-4E5A-840F-1003A1829260}"
EndProject
Global
	GlobalSection(SolutionConfigurationPlatforms) = preSolution
		Debug|Any CPU = Debug|Any CPU
		Release|Any CPU = Release|Any CPU
	EndGlobalSection
	GlobalSection(ProjectConfigurationPlatforms) = postSolution
		{50728554-30DB-4E5A-840F-1003A1829260}.Debug|Any CPU.ActiveCfg = Debug|Any CPU
		{50728554-30DB-4E5A-840F-1003A1829260}.Debug|Any CPU.Build.0 = Debug|Any CPU
		{50728554-30DB-4E5A-840F-1003A1829260}.Release|Any CPU.ActiveCfg = Release|Any CPU
		{50728554-30DB-4E5A-840F-1003A1829260}.Release|Any CPU.Build.0 = Release|Any CPU
	EndGlobalSection
EndGlobal
